{
  "name": "hexeye",
  "version": "1.0.0",
  "lockfileVersion": 1,
  "requires": true,
  "dependencies": {
    "ansidex": {
      "version": "1.0.0",
      "resolved": "https://registry.npmjs.org/ansidex/-/ansidex-1.0.0.tgz",
      "integrity": "sha512-JXLxqUVPupg8ipdMrZ2rNW1THV4KacfzJPK0R5Sm3/vExpO7Hvo6CopHCMIRDxhI0DXYXtv5KQNIDyBPIRqAzw=="
    },
    "gar": {
      "version": "1.0.4",
      "resolved": "https://registry.npmjs.org/gar/-/gar-1.0.4.tgz",
      "integrity": "sha512-w4n9cPWyP7aHxKxYHFQMegj7WIAsL/YX/C4Bs5Rr8s1H9M1rNtRWRsw+ovYMkXDQ5S4ZbYHsHAPmevPjPgw44w=="
    },
    "luxt": {
      "version": "1.0.0",
      "resolved": "https://registry.npmjs.org/luxt/-/luxt-1.0.0.tgz",
      "integrity": "sha512-wbx13qmUynRDm6mSGpx1Rz7pDfHu4/HBVRpFjz2Pi3HhzyarW3/psRH6Q27OTqZbuMWr5jSEyrcetPTyEvY0xg==",
      "requires": {
        "ansidex": "^1.0.0"
      }
    }
  }
}
